
Microsoft Visual Studio Solution File, Format Version 12.00
# Visual Studio Version 16
VisualStudioVersion = 16.0.29911.84
MinimumVisualStudioVersion = 10.0.40219.1
Project("{8BC9CEB8-8B4A-11D0-8D11-00A0C91BC942}") = "HW3_Segmentation", "HW3_Segmentation.vcxproj", "{78F87F6E-3EEF-418C-BABD-B9DA6AE2EFEB}"
EndProject
Global
	GlobalSection(SolutionConfigurationPlatforms) = preSolution
		Debug|x64 = Debug|x64
		Debug|x86 = Debug|x86
		Release|x64 = Release|x64
		Release|x86 = Release|x86
	EndGlobalSection
	GlobalSection(ProjectConfigurationPlatforms) = postSolution
		{78F87F6E-3EEF-418C-BABD-B9DA6AE2EFEB}.Debug|x64.ActiveCfg = Debug|x64
		{78F87F6E-3EEF-418C-BABD-B9DA6AE2EFEB}.Debug|x64.Build.0 = Debug|x64
		{78F87F6E-3EEF-418C-BABD-B9DA6AE2EFEB}.Debug|x86.ActiveCfg = Debug|Win32
		{78F87F6E-3EEF-418C-BABD-B9DA6AE2EFEB}.Debug|x86.Build.0 = Debug|Win32
		{78F87F6E-3EEF-418C-BABD-B9DA6AE2EFEB}.Release|x64.ActiveCfg = Release|x64
		{78F87F6E-3EEF-418C-BABD-B9DA6AE2EFEB}.Release|x64.Build.0 = Release|x64
		{78F87F6E-3EEF-418C-BABD-B9DA6AE2EFEB}.Release|x86.ActiveCfg = Release|Win32
		{78F87F6E-3EEF-418C-BABD-B9DA6AE2EFEB}.Release|x86.Build.0 = Release|Win32
	EndGlobalSection
	GlobalSection(SolutionProperties) = preSolution
		HideSolutionNode = FALSE
	EndGlobalSection
	GlobalSection(ExtensibilityGlobals) = postSolution
		SolutionGuid = {ADF1FF12-1B69-44FE-BF30-0F35E198CCD2}
	EndGlobalSection
EndGlobal
